
Microsoft Visual Studio Solution File, Format Version 12.00
# Visual Studio Version 17
VisualStudioVersion = 17.4.33403.182
MinimumVisualStudioVersion = 10.0.40219.1
Project("{9A19103F-16F7-4668-BE54-9A1E7A4F7556}") = "ExampleBlazorApp", "ExampleBlazorApp.csproj", "{56A7B17B-4BED-4291-BFFC-C96A8D57342A}"
EndProject
Project("{FAE04EC0-301F-11D3-BF4B-00C04F79EFBC}") = "UnitTests", "UnitTests\UnitTests.csproj", "{EB076C99-E25E-4624-9CD6-5DD690A7B04A}"
EndProject
Global
	GlobalSection(SolutionConfigurationPlatforms) = preSolution
		Debug|Any CPU = Debug|Any CPU
		Release|Any CPU = Release|Any CPU
	EndGlobalSection
	GlobalSection(ProjectConfigurationPlatforms) = postSolution
		{56A7B17B-4BED-4291-BFFC-C96A8D57342A}.Debug|Any CPU.ActiveCfg = Debug|Any CPU
		{56A7B17B-4BED-4291-BFFC-C96A8D57342A}.Debug|Any CPU.Build.0 = Debug|Any CPU
		{56A7B17B-4BED-4291-BFFC-C96A8D57342A}.Release|Any CPU.ActiveCfg = Release|Any CPU
		{56A7B17B-4BED-4291-BFFC-C96A8D57342A}.Release|Any CPU.Build.0 = Release|Any CPU
		{EB076C99-E25E-4624-9CD6-5DD690A7B04A}.Debug|Any CPU.ActiveCfg = Debug|Any CPU
		{EB076C99-E25E-4624-9CD6-5DD690A7B04A}.Debug|Any CPU.Build.0 = Debug|Any CPU
		{EB076C99-E25E-4624-9CD6-5DD690A7B04A}.Release|Any CPU.ActiveCfg = Release|Any CPU
		{EB076C99-E25E-4624-9CD6-5DD690A7B04A}.Release|Any CPU.Build.0 = Release|Any CPU
	EndGlobalSection
	GlobalSection(SolutionProperties) = preSolution
		HideSolutionNode = FALSE
	EndGlobalSection
	GlobalSection(ExtensibilityGlobals) = postSolution
		SolutionGuid = {7F4DD482-5591-45A0-904E-ABC76756D22D}
	EndGlobalSection
EndGlobal
